
Microsoft Visual Studio Solution File, Format Version 12.00
# Visual Studio 15
Project("{FAE04EC0-301F-11D3-BF4B-00C04F79EFBC}") = "CoreExample", "CoreExample\CoreExample.csproj", "{0D289246-95EE-4620-8B6C-57E985369225}"
EndProject
Global
	GlobalSection(SolutionConfigurationPlatforms) = preSolution
		Debug|Any CPU = Debug|Any CPU
		Release|Any CPU = Release|Any CPU
	EndGlobalSection
	GlobalSection(ProjectConfigurationPlatforms) = postSolution
		{0D289246-95EE-4620-8B6C-57E985369225}.Debug|Any CPU.ActiveCfg = Debug|Any CPU
		{0D289246-95EE-4620-8B6C-57E985369225}.Debug|Any CPU.Build.0 = Debug|Any CPU
		{0D289246-95EE-4620-8B6C-57E985369225}.Release|Any CPU.ActiveCfg = Release|Any CPU
		{0D289246-95EE-4620-8B6C-57E985369225}.Release|Any CPU.Build.0 = Release|Any CPU
	EndGlobalSection
EndGlobal
