
Microsoft Visual Studio Solution File, Format Version 12.00
# Visual Studio 15
Project("{FAE04EC0-301F-11D3-BF4B-00C04F79EFBC}") = "Core", "Core\Core.csproj", "{B1ED33D7-46AA-450B-94D0-5DB78F842E78}"
EndProject
Project("{FAE04EC0-301F-11D3-BF4B-00C04F79EFBC}") = "Http", "Http\Http.csproj", "{BDD48C7B-B088-412D-B0A6-5A734FC441BB}"
EndProject
Project("{FAE04EC0-301F-11D3-BF4B-00C04F79EFBC}") = "WebSocket", "WebSocket\WebSocket.csproj", "{33976CAC-7946-488A-9063-9283CB14FD0D}"
EndProject
Project("{FAE04EC0-301F-11D3-BF4B-00C04F79EFBC}") = "_Test", "_Test\_Test.csproj", "{52CCC652-1138-4AB5-B84A-82ED5B9D20B2}"
EndProject
Project("{FAE04EC0-301F-11D3-BF4B-00C04F79EFBC}") = "Rpc", "Rpc\Rpc.csproj", "{D4C90356-F02C-4ADD-AD16-69F5F13ADD7D}"
EndProject
Project("{FAE04EC0-301F-11D3-BF4B-00C04F79EFBC}") = "RabbitMQ", "RabbitMQ\RabbitMQ.csproj", "{283212E1-967F-4FAA-A885-750597A6F7E7}"
EndProject
Global
	GlobalSection(SolutionConfigurationPlatforms) = preSolution
		Debug|Any CPU = Debug|Any CPU
		Release|Any CPU = Release|Any CPU
	EndGlobalSection
	GlobalSection(ProjectConfigurationPlatforms) = postSolution
		{B1ED33D7-46AA-450B-94D0-5DB78F842E78}.Debug|Any CPU.ActiveCfg = Debug|Any CPU
		{B1ED33D7-46AA-450B-94D0-5DB78F842E78}.Debug|Any CPU.Build.0 = Debug|Any CPU
		{B1ED33D7-46AA-450B-94D0-5DB78F842E78}.Release|Any CPU.ActiveCfg = Release|Any CPU
		{B1ED33D7-46AA-450B-94D0-5DB78F842E78}.Release|Any CPU.Build.0 = Release|Any CPU
		{BDD48C7B-B088-412D-B0A6-5A734FC441BB}.Debug|Any CPU.ActiveCfg = Debug|Any CPU
		{BDD48C7B-B088-412D-B0A6-5A734FC441BB}.Debug|Any CPU.Build.0 = Debug|Any CPU
		{BDD48C7B-B088-412D-B0A6-5A734FC441BB}.Release|Any CPU.ActiveCfg = Release|Any CPU
		{BDD48C7B-B088-412D-B0A6-5A734FC441BB}.Release|Any CPU.Build.0 = Release|Any CPU
		{33976CAC-7946-488A-9063-9283CB14FD0D}.Debug|Any CPU.ActiveCfg = Debug|Any CPU
		{33976CAC-7946-488A-9063-9283CB14FD0D}.Debug|Any CPU.Build.0 = Debug|Any CPU
		{33976CAC-7946-488A-9063-9283CB14FD0D}.Release|Any CPU.ActiveCfg = Release|Any CPU
		{33976CAC-7946-488A-9063-9283CB14FD0D}.Release|Any CPU.Build.0 = Release|Any CPU
		{52CCC652-1138-4AB5-B84A-82ED5B9D20B2}.Debug|Any CPU.ActiveCfg = Debug|Any CPU
		{52CCC652-1138-4AB5-B84A-82ED5B9D20B2}.Debug|Any CPU.Build.0 = Debug|Any CPU
		{52CCC652-1138-4AB5-B84A-82ED5B9D20B2}.Release|Any CPU.ActiveCfg = Release|Any CPU
		{52CCC652-1138-4AB5-B84A-82ED5B9D20B2}.Release|Any CPU.Build.0 = Release|Any CPU
		{D4C90356-F02C-4ADD-AD16-69F5F13ADD7D}.Debug|Any CPU.ActiveCfg = Debug|Any CPU
		{D4C90356-F02C-4ADD-AD16-69F5F13ADD7D}.Debug|Any CPU.Build.0 = Debug|Any CPU
		{D4C90356-F02C-4ADD-AD16-69F5F13ADD7D}.Release|Any CPU.ActiveCfg = Release|Any CPU
		{D4C90356-F02C-4ADD-AD16-69F5F13ADD7D}.Release|Any CPU.Build.0 = Release|Any CPU
		{283212E1-967F-4FAA-A885-750597A6F7E7}.Debug|Any CPU.ActiveCfg = Debug|Any CPU
		{283212E1-967F-4FAA-A885-750597A6F7E7}.Debug|Any CPU.Build.0 = Debug|Any CPU
		{283212E1-967F-4FAA-A885-750597A6F7E7}.Release|Any CPU.ActiveCfg = Release|Any CPU
		{283212E1-967F-4FAA-A885-750597A6F7E7}.Release|Any CPU.Build.0 = Release|Any CPU
	EndGlobalSection
	GlobalSection(NestedProjects) = preSolution
	EndGlobalSection
EndGlobal
