
Microsoft Visual Studio Solution File, Format Version 12.00
# Visual Studio Version 16
VisualStudioVersion = 16.6.30114.105
MinimumVisualStudioVersion = 10.0.40219.1
Project("{FAE04EC0-301F-11D3-BF4B-00C04F79EFBC}") = "_AppTest", "_AppTest\_AppTest.csproj", "{994AA6D7-6847-4FA6-9ACB-F509C6A7A272}"
EndProject
Project("{2150E333-8FDC-42A3-9474-1A3956D46DE8}") = "src", "src", "{FBDEBD3F-B0B7-4DFC-9352-5C1F3A1318F0}"
EndProject
Project("{FAE04EC0-301F-11D3-BF4B-00C04F79EFBC}") = "DwFramework.Core", "src\DwFramework.Core\DwFramework.Core.csproj", "{824126C6-A849-405A-9DD4-44A94C03505E}"
EndProject
Project("{FAE04EC0-301F-11D3-BF4B-00C04F79EFBC}") = "DwFramework.ORM", "src\DwFramework.ORM\DwFramework.ORM.csproj", "{B56028B8-D22D-47FF-85BC-E4A06AA92AB8}"
EndProject
Project("{FAE04EC0-301F-11D3-BF4B-00C04F79EFBC}") = "DwFramework.ORM.Plugins", "src\DwFramework.ORM.Plugins\DwFramework.ORM.Plugins.csproj", "{EB6DB06D-D1F7-4528-91D9-07660514790D}"
EndProject
Project("{FAE04EC0-301F-11D3-BF4B-00C04F79EFBC}") = "DwFramework.RabbitMQ", "src\DwFramework.RabbitMQ\DwFramework.RabbitMQ.csproj", "{BA474459-68BA-4CCE-A3CD-F3BB12DCD206}"
EndProject
Project("{FAE04EC0-301F-11D3-BF4B-00C04F79EFBC}") = "DwFramework.RPC", "src\DwFramework.RPC\DwFramework.RPC.csproj", "{EB01917E-9848-4276-97F3-6B5AC31107CC}"
EndProject
Project("{FAE04EC0-301F-11D3-BF4B-00C04F79EFBC}") = "DwFramework.RPC.Plugins", "src\DwFramework.RPC.Plugins\DwFramework.RPC.Plugins.csproj", "{8A88151D-11B9-4ED7-BE28-B4F9CB48EC7A}"
EndProject
Project("{FAE04EC0-301F-11D3-BF4B-00C04F79EFBC}") = "DwFramework.Socket", "src\DwFramework.Socket\DwFramework.Socket.csproj", "{8568239A-7A1A-4D38-8910-9EEA0A364977}"
EndProject
Project("{FAE04EC0-301F-11D3-BF4B-00C04F79EFBC}") = "DwFramework.TaskSchedule", "src\DwFramework.TaskSchedule\DwFramework.TaskSchedule.csproj", "{AB05D670-7C46-4D24-B536-A5CA485E7E86}"
EndProject
Project("{FAE04EC0-301F-11D3-BF4B-00C04F79EFBC}") = "DwFramework.TensorFlow", "src\DwFramework.TensorFlow\DwFramework.TensorFlow.csproj", "{72D6E81F-547D-4E91-B73E-561F9DBB9310}"
EndProject
Project("{FAE04EC0-301F-11D3-BF4B-00C04F79EFBC}") = "DwFramework.WebAPI", "src\DwFramework.WebAPI\DwFramework.WebAPI.csproj", "{8B6C8337-4E44-4214-ADDD-E458C0BC9E19}"
EndProject
Project("{FAE04EC0-301F-11D3-BF4B-00C04F79EFBC}") = "DwFramework.WebAPI.Plugins", "src\DwFramework.WebAPI.Plugins\DwFramework.WebAPI.Plugins.csproj", "{77E1CACA-C388-448C-A4D0-C1BE75D86949}"
EndProject
Project("{FAE04EC0-301F-11D3-BF4B-00C04F79EFBC}") = "DwFramework.WebSocket", "src\DwFramework.WebSocket\DwFramework.WebSocket.csproj", "{AB890504-78C1-471C-A11B-E980A0379029}"
EndProject
Project("{2150E333-8FDC-42A3-9474-1A3956D46DE8}") = "example", "example", "{D2630786-82C7-47C3-9DB0-7C36F418B722}"
EndProject
Project("{FAE04EC0-301F-11D3-BF4B-00C04F79EFBC}") = "CoreExample", "example\CoreExample\CoreExample.csproj", "{155FC6A0-A748-4508-9F5A-3A00CFB9A4A9}"
EndProject
Global
	GlobalSection(SolutionConfigurationPlatforms) = preSolution
		Debug|Any CPU = Debug|Any CPU
		Debug|x64 = Debug|x64
		Debug|x86 = Debug|x86
		Release|Any CPU = Release|Any CPU
		Release|x64 = Release|x64
		Release|x86 = Release|x86
	EndGlobalSection
	GlobalSection(SolutionProperties) = preSolution
		HideSolutionNode = FALSE
	EndGlobalSection
	GlobalSection(ProjectConfigurationPlatforms) = postSolution
		{994AA6D7-6847-4FA6-9ACB-F509C6A7A272}.Debug|Any CPU.ActiveCfg = Debug|Any CPU
		{994AA6D7-6847-4FA6-9ACB-F509C6A7A272}.Debug|Any CPU.Build.0 = Debug|Any CPU
		{994AA6D7-6847-4FA6-9ACB-F509C6A7A272}.Debug|x64.ActiveCfg = Debug|Any CPU
		{994AA6D7-6847-4FA6-9ACB-F509C6A7A272}.Debug|x64.Build.0 = Debug|Any CPU
		{994AA6D7-6847-4FA6-9ACB-F509C6A7A272}.Debug|x86.ActiveCfg = Debug|Any CPU
		{994AA6D7-6847-4FA6-9ACB-F509C6A7A272}.Debug|x86.Build.0 = Debug|Any CPU
		{994AA6D7-6847-4FA6-9ACB-F509C6A7A272}.Release|Any CPU.ActiveCfg = Release|Any CPU
		{994AA6D7-6847-4FA6-9ACB-F509C6A7A272}.Release|Any CPU.Build.0 = Release|Any CPU
		{994AA6D7-6847-4FA6-9ACB-F509C6A7A272}.Release|x64.ActiveCfg = Release|Any CPU
		{994AA6D7-6847-4FA6-9ACB-F509C6A7A272}.Release|x64.Build.0 = Release|Any CPU
		{994AA6D7-6847-4FA6-9ACB-F509C6A7A272}.Release|x86.ActiveCfg = Release|Any CPU
		{994AA6D7-6847-4FA6-9ACB-F509C6A7A272}.Release|x86.Build.0 = Release|Any CPU
		{824126C6-A849-405A-9DD4-44A94C03505E}.Debug|Any CPU.ActiveCfg = Debug|Any CPU
		{824126C6-A849-405A-9DD4-44A94C03505E}.Debug|Any CPU.Build.0 = Debug|Any CPU
		{824126C6-A849-405A-9DD4-44A94C03505E}.Debug|x64.ActiveCfg = Debug|Any CPU
		{824126C6-A849-405A-9DD4-44A94C03505E}.Debug|x64.Build.0 = Debug|Any CPU
		{824126C6-A849-405A-9DD4-44A94C03505E}.Debug|x86.ActiveCfg = Debug|Any CPU
		{824126C6-A849-405A-9DD4-44A94C03505E}.Debug|x86.Build.0 = Debug|Any CPU
		{824126C6-A849-405A-9DD4-44A94C03505E}.Release|Any CPU.ActiveCfg = Release|Any CPU
		{824126C6-A849-405A-9DD4-44A94C03505E}.Release|Any CPU.Build.0 = Release|Any CPU
		{824126C6-A849-405A-9DD4-44A94C03505E}.Release|x64.ActiveCfg = Release|Any CPU
		{824126C6-A849-405A-9DD4-44A94C03505E}.Release|x64.Build.0 = Release|Any CPU
		{824126C6-A849-405A-9DD4-44A94C03505E}.Release|x86.ActiveCfg = Release|Any CPU
		{824126C6-A849-405A-9DD4-44A94C03505E}.Release|x86.Build.0 = Release|Any CPU
		{B56028B8-D22D-47FF-85BC-E4A06AA92AB8}.Debug|Any CPU.ActiveCfg = Debug|Any CPU
		{B56028B8-D22D-47FF-85BC-E4A06AA92AB8}.Debug|Any CPU.Build.0 = Debug|Any CPU
		{B56028B8-D22D-47FF-85BC-E4A06AA92AB8}.Debug|x64.ActiveCfg = Debug|Any CPU
		{B56028B8-D22D-47FF-85BC-E4A06AA92AB8}.Debug|x64.Build.0 = Debug|Any CPU
		{B56028B8-D22D-47FF-85BC-E4A06AA92AB8}.Debug|x86.ActiveCfg = Debug|Any CPU
		{B56028B8-D22D-47FF-85BC-E4A06AA92AB8}.Debug|x86.Build.0 = Debug|Any CPU
		{B56028B8-D22D-47FF-85BC-E4A06AA92AB8}.Release|Any CPU.ActiveCfg = Release|Any CPU
		{B56028B8-D22D-47FF-85BC-E4A06AA92AB8}.Release|Any CPU.Build.0 = Release|Any CPU
		{B56028B8-D22D-47FF-85BC-E4A06AA92AB8}.Release|x64.ActiveCfg = Release|Any CPU
		{B56028B8-D22D-47FF-85BC-E4A06AA92AB8}.Release|x64.Build.0 = Release|Any CPU
		{B56028B8-D22D-47FF-85BC-E4A06AA92AB8}.Release|x86.ActiveCfg = Release|Any CPU
		{B56028B8-D22D-47FF-85BC-E4A06AA92AB8}.Release|x86.Build.0 = Release|Any CPU
		{EB6DB06D-D1F7-4528-91D9-07660514790D}.Debug|Any CPU.ActiveCfg = Debug|Any CPU
		{EB6DB06D-D1F7-4528-91D9-07660514790D}.Debug|Any CPU.Build.0 = Debug|Any CPU
		{EB6DB06D-D1F7-4528-91D9-07660514790D}.Debug|x64.ActiveCfg = Debug|Any CPU
		{EB6DB06D-D1F7-4528-91D9-07660514790D}.Debug|x64.Build.0 = Debug|Any CPU
		{EB6DB06D-D1F7-4528-91D9-07660514790D}.Debug|x86.ActiveCfg = Debug|Any CPU
		{EB6DB06D-D1F7-4528-91D9-07660514790D}.Debug|x86.Build.0 = Debug|Any CPU
		{EB6DB06D-D1F7-4528-91D9-07660514790D}.Release|Any CPU.ActiveCfg = Release|Any CPU
		{EB6DB06D-D1F7-4528-91D9-07660514790D}.Release|Any CPU.Build.0 = Release|Any CPU
		{EB6DB06D-D1F7-4528-91D9-07660514790D}.Release|x64.ActiveCfg = Release|Any CPU
		{EB6DB06D-D1F7-4528-91D9-07660514790D}.Release|x64.Build.0 = Release|Any CPU
		{EB6DB06D-D1F7-4528-91D9-07660514790D}.Release|x86.ActiveCfg = Release|Any CPU
		{EB6DB06D-D1F7-4528-91D9-07660514790D}.Release|x86.Build.0 = Release|Any CPU
		{BA474459-68BA-4CCE-A3CD-F3BB12DCD206}.Debug|Any CPU.ActiveCfg = Debug|Any CPU
		{BA474459-68BA-4CCE-A3CD-F3BB12DCD206}.Debug|Any CPU.Build.0 = Debug|Any CPU
		{BA474459-68BA-4CCE-A3CD-F3BB12DCD206}.Debug|x64.ActiveCfg = Debug|Any CPU
		{BA474459-68BA-4CCE-A3CD-F3BB12DCD206}.Debug|x64.Build.0 = Debug|Any CPU
		{BA474459-68BA-4CCE-A3CD-F3BB12DCD206}.Debug|x86.ActiveCfg = Debug|Any CPU
		{BA474459-68BA-4CCE-A3CD-F3BB12DCD206}.Debug|x86.Build.0 = Debug|Any CPU
		{BA474459-68BA-4CCE-A3CD-F3BB12DCD206}.Release|Any CPU.ActiveCfg = Release|Any CPU
		{BA474459-68BA-4CCE-A3CD-F3BB12DCD206}.Release|Any CPU.Build.0 = Release|Any CPU
		{BA474459-68BA-4CCE-A3CD-F3BB12DCD206}.Release|x64.ActiveCfg = Release|Any CPU
		{BA474459-68BA-4CCE-A3CD-F3BB12DCD206}.Release|x64.Build.0 = Release|Any CPU
		{BA474459-68BA-4CCE-A3CD-F3BB12DCD206}.Release|x86.ActiveCfg = Release|Any CPU
		{BA474459-68BA-4CCE-A3CD-F3BB12DCD206}.Release|x86.Build.0 = Release|Any CPU
		{EB01917E-9848-4276-97F3-6B5AC31107CC}.Debug|Any CPU.ActiveCfg = Debug|Any CPU
		{EB01917E-9848-4276-97F3-6B5AC31107CC}.Debug|Any CPU.Build.0 = Debug|Any CPU
		{EB01917E-9848-4276-97F3-6B5AC31107CC}.Debug|x64.ActiveCfg = Debug|Any CPU
		{EB01917E-9848-4276-97F3-6B5AC31107CC}.Debug|x64.Build.0 = Debug|Any CPU
		{EB01917E-9848-4276-97F3-6B5AC31107CC}.Debug|x86.ActiveCfg = Debug|Any CPU
		{EB01917E-9848-4276-97F3-6B5AC31107CC}.Debug|x86.Build.0 = Debug|Any CPU
		{EB01917E-9848-4276-97F3-6B5AC31107CC}.Release|Any CPU.ActiveCfg = Release|Any CPU
		{EB01917E-9848-4276-97F3-6B5AC31107CC}.Release|Any CPU.Build.0 = Release|Any CPU
		{EB01917E-9848-4276-97F3-6B5AC31107CC}.Release|x64.ActiveCfg = Release|Any CPU
		{EB01917E-9848-4276-97F3-6B5AC31107CC}.Release|x64.Build.0 = Release|Any CPU
		{EB01917E-9848-4276-97F3-6B5AC31107CC}.Release|x86.ActiveCfg = Release|Any CPU
		{EB01917E-9848-4276-97F3-6B5AC31107CC}.Release|x86.Build.0 = Release|Any CPU
		{8A88151D-11B9-4ED7-BE28-B4F9CB48EC7A}.Debug|Any CPU.ActiveCfg = Debug|Any CPU
		{8A88151D-11B9-4ED7-BE28-B4F9CB48EC7A}.Debug|Any CPU.Build.0 = Debug|Any CPU
		{8A88151D-11B9-4ED7-BE28-B4F9CB48EC7A}.Debug|x64.ActiveCfg = Debug|Any CPU
		{8A88151D-11B9-4ED7-BE28-B4F9CB48EC7A}.Debug|x64.Build.0 = Debug|Any CPU
		{8A88151D-11B9-4ED7-BE28-B4F9CB48EC7A}.Debug|x86.ActiveCfg = Debug|Any CPU
		{8A88151D-11B9-4ED7-BE28-B4F9CB48EC7A}.Debug|x86.Build.0 = Debug|Any CPU
		{8A88151D-11B9-4ED7-BE28-B4F9CB48EC7A}.Release|Any CPU.ActiveCfg = Release|Any CPU
		{8A88151D-11B9-4ED7-BE28-B4F9CB48EC7A}.Release|Any CPU.Build.0 = Release|Any CPU
		{8A88151D-11B9-4ED7-BE28-B4F9CB48EC7A}.Release|x64.ActiveCfg = Release|Any CPU
		{8A88151D-11B9-4ED7-BE28-B4F9CB48EC7A}.Release|x64.Build.0 = Release|Any CPU
		{8A88151D-11B9-4ED7-BE28-B4F9CB48EC7A}.Release|x86.ActiveCfg = Release|Any CPU
		{8A88151D-11B9-4ED7-BE28-B4F9CB48EC7A}.Release|x86.Build.0 = Release|Any CPU
		{8568239A-7A1A-4D38-8910-9EEA0A364977}.Debug|Any CPU.ActiveCfg = Debug|Any CPU
		{8568239A-7A1A-4D38-8910-9EEA0A364977}.Debug|Any CPU.Build.0 = Debug|Any CPU
		{8568239A-7A1A-4D38-8910-9EEA0A364977}.Debug|x64.ActiveCfg = Debug|Any CPU
		{8568239A-7A1A-4D38-8910-9EEA0A364977}.Debug|x64.Build.0 = Debug|Any CPU
		{8568239A-7A1A-4D38-8910-9EEA0A364977}.Debug|x86.ActiveCfg = Debug|Any CPU
		{8568239A-7A1A-4D38-8910-9EEA0A364977}.Debug|x86.Build.0 = Debug|Any CPU
		{8568239A-7A1A-4D38-8910-9EEA0A364977}.Release|Any CPU.ActiveCfg = Release|Any CPU
		{8568239A-7A1A-4D38-8910-9EEA0A364977}.Release|Any CPU.Build.0 = Release|Any CPU
		{8568239A-7A1A-4D38-8910-9EEA0A364977}.Release|x64.ActiveCfg = Release|Any CPU
		{8568239A-7A1A-4D38-8910-9EEA0A364977}.Release|x64.Build.0 = Release|Any CPU
		{8568239A-7A1A-4D38-8910-9EEA0A364977}.Release|x86.ActiveCfg = Release|Any CPU
		{8568239A-7A1A-4D38-8910-9EEA0A364977}.Release|x86.Build.0 = Release|Any CPU
		{AB05D670-7C46-4D24-B536-A5CA485E7E86}.Debug|Any CPU.ActiveCfg = Debug|Any CPU
		{AB05D670-7C46-4D24-B536-A5CA485E7E86}.Debug|Any CPU.Build.0 = Debug|Any CPU
		{AB05D670-7C46-4D24-B536-A5CA485E7E86}.Debug|x64.ActiveCfg = Debug|Any CPU
		{AB05D670-7C46-4D24-B536-A5CA485E7E86}.Debug|x64.Build.0 = Debug|Any CPU
		{AB05D670-7C46-4D24-B536-A5CA485E7E86}.Debug|x86.ActiveCfg = Debug|Any CPU
		{AB05D670-7C46-4D24-B536-A5CA485E7E86}.Debug|x86.Build.0 = Debug|Any CPU
		{AB05D670-7C46-4D24-B536-A5CA485E7E86}.Release|Any CPU.ActiveCfg = Release|Any CPU
		{AB05D670-7C46-4D24-B536-A5CA485E7E86}.Release|Any CPU.Build.0 = Release|Any CPU
		{AB05D670-7C46-4D24-B536-A5CA485E7E86}.Release|x64.ActiveCfg = Release|Any CPU
		{AB05D670-7C46-4D24-B536-A5CA485E7E86}.Release|x64.Build.0 = Release|Any CPU
		{AB05D670-7C46-4D24-B536-A5CA485E7E86}.Release|x86.ActiveCfg = Release|Any CPU
		{AB05D670-7C46-4D24-B536-A5CA485E7E86}.Release|x86.Build.0 = Release|Any CPU
		{72D6E81F-547D-4E91-B73E-561F9DBB9310}.Debug|Any CPU.ActiveCfg = Debug|Any CPU
		{72D6E81F-547D-4E91-B73E-561F9DBB9310}.Debug|Any CPU.Build.0 = Debug|Any CPU
		{72D6E81F-547D-4E91-B73E-561F9DBB9310}.Debug|x64.ActiveCfg = Debug|Any CPU
		{72D6E81F-547D-4E91-B73E-561F9DBB9310}.Debug|x64.Build.0 = Debug|Any CPU
		{72D6E81F-547D-4E91-B73E-561F9DBB9310}.Debug|x86.ActiveCfg = Debug|Any CPU
		{72D6E81F-547D-4E91-B73E-561F9DBB9310}.Debug|x86.Build.0 = Debug|Any CPU
		{72D6E81F-547D-4E91-B73E-561F9DBB9310}.Release|Any CPU.ActiveCfg = Release|Any CPU
		{72D6E81F-547D-4E91-B73E-561F9DBB9310}.Release|Any CPU.Build.0 = Release|Any CPU
		{72D6E81F-547D-4E91-B73E-561F9DBB9310}.Release|x64.ActiveCfg = Release|Any CPU
		{72D6E81F-547D-4E91-B73E-561F9DBB9310}.Release|x64.Build.0 = Release|Any CPU
		{72D6E81F-547D-4E91-B73E-561F9DBB9310}.Release|x86.ActiveCfg = Release|Any CPU
		{72D6E81F-547D-4E91-B73E-561F9DBB9310}.Release|x86.Build.0 = Release|Any CPU
		{8B6C8337-4E44-4214-ADDD-E458C0BC9E19}.Debug|Any CPU.ActiveCfg = Debug|Any CPU
		{8B6C8337-4E44-4214-ADDD-E458C0BC9E19}.Debug|Any CPU.Build.0 = Debug|Any CPU
		{8B6C8337-4E44-4214-ADDD-E458C0BC9E19}.Debug|x64.ActiveCfg = Debug|Any CPU
		{8B6C8337-4E44-4214-ADDD-E458C0BC9E19}.Debug|x64.Build.0 = Debug|Any CPU
		{8B6C8337-4E44-4214-ADDD-E458C0BC9E19}.Debug|x86.ActiveCfg = Debug|Any CPU
		{8B6C8337-4E44-4214-ADDD-E458C0BC9E19}.Debug|x86.Build.0 = Debug|Any CPU
		{8B6C8337-4E44-4214-ADDD-E458C0BC9E19}.Release|Any CPU.ActiveCfg = Release|Any CPU
		{8B6C8337-4E44-4214-ADDD-E458C0BC9E19}.Release|Any CPU.Build.0 = Release|Any CPU
		{8B6C8337-4E44-4214-ADDD-E458C0BC9E19}.Release|x64.ActiveCfg = Release|Any CPU
		{8B6C8337-4E44-4214-ADDD-E458C0BC9E19}.Release|x64.Build.0 = Release|Any CPU
		{8B6C8337-4E44-4214-ADDD-E458C0BC9E19}.Release|x86.ActiveCfg = Release|Any CPU
		{8B6C8337-4E44-4214-ADDD-E458C0BC9E19}.Release|x86.Build.0 = Release|Any CPU
		{77E1CACA-C388-448C-A4D0-C1BE75D86949}.Debug|Any CPU.ActiveCfg = Debug|Any CPU
		{77E1CACA-C388-448C-A4D0-C1BE75D86949}.Debug|Any CPU.Build.0 = Debug|Any CPU
		{77E1CACA-C388-448C-A4D0-C1BE75D86949}.Debug|x64.ActiveCfg = Debug|Any CPU
		{77E1CACA-C388-448C-A4D0-C1BE75D86949}.Debug|x64.Build.0 = Debug|Any CPU
		{77E1CACA-C388-448C-A4D0-C1BE75D86949}.Debug|x86.ActiveCfg = Debug|Any CPU
		{77E1CACA-C388-448C-A4D0-C1BE75D86949}.Debug|x86.Build.0 = Debug|Any CPU
		{77E1CACA-C388-448C-A4D0-C1BE75D86949}.Release|Any CPU.ActiveCfg = Release|Any CPU
		{77E1CACA-C388-448C-A4D0-C1BE75D86949}.Release|Any CPU.Build.0 = Release|Any CPU
		{77E1CACA-C388-448C-A4D0-C1BE75D86949}.Release|x64.ActiveCfg = Release|Any CPU
		{77E1CACA-C388-448C-A4D0-C1BE75D86949}.Release|x64.Build.0 = Release|Any CPU
		{77E1CACA-C388-448C-A4D0-C1BE75D86949}.Release|x86.ActiveCfg = Release|Any CPU
		{77E1CACA-C388-448C-A4D0-C1BE75D86949}.Release|x86.Build.0 = Release|Any CPU
		{AB890504-78C1-471C-A11B-E980A0379029}.Debug|Any CPU.ActiveCfg = Debug|Any CPU
		{AB890504-78C1-471C-A11B-E980A0379029}.Debug|Any CPU.Build.0 = Debug|Any CPU
		{AB890504-78C1-471C-A11B-E980A0379029}.Debug|x64.ActiveCfg = Debug|Any CPU
		{AB890504-78C1-471C-A11B-E980A0379029}.Debug|x64.Build.0 = Debug|Any CPU
		{AB890504-78C1-471C-A11B-E980A0379029}.Debug|x86.ActiveCfg = Debug|Any CPU
		{AB890504-78C1-471C-A11B-E980A0379029}.Debug|x86.Build.0 = Debug|Any CPU
		{AB890504-78C1-471C-A11B-E980A0379029}.Release|Any CPU.ActiveCfg = Release|Any CPU
		{AB890504-78C1-471C-A11B-E980A0379029}.Release|Any CPU.Build.0 = Release|Any CPU
		{AB890504-78C1-471C-A11B-E980A0379029}.Release|x64.ActiveCfg = Release|Any CPU
		{AB890504-78C1-471C-A11B-E980A0379029}.Release|x64.Build.0 = Release|Any CPU
		{AB890504-78C1-471C-A11B-E980A0379029}.Release|x86.ActiveCfg = Release|Any CPU
		{AB890504-78C1-471C-A11B-E980A0379029}.Release|x86.Build.0 = Release|Any CPU
		{155FC6A0-A748-4508-9F5A-3A00CFB9A4A9}.Debug|Any CPU.ActiveCfg = Debug|Any CPU
		{155FC6A0-A748-4508-9F5A-3A00CFB9A4A9}.Debug|Any CPU.Build.0 = Debug|Any CPU
		{155FC6A0-A748-4508-9F5A-3A00CFB9A4A9}.Debug|x64.ActiveCfg = Debug|Any CPU
		{155FC6A0-A748-4508-9F5A-3A00CFB9A4A9}.Debug|x64.Build.0 = Debug|Any CPU
		{155FC6A0-A748-4508-9F5A-3A00CFB9A4A9}.Debug|x86.ActiveCfg = Debug|Any CPU
		{155FC6A0-A748-4508-9F5A-3A00CFB9A4A9}.Debug|x86.Build.0 = Debug|Any CPU
		{155FC6A0-A748-4508-9F5A-3A00CFB9A4A9}.Release|Any CPU.ActiveCfg = Release|Any CPU
		{155FC6A0-A748-4508-9F5A-3A00CFB9A4A9}.Release|Any CPU.Build.0 = Release|Any CPU
		{155FC6A0-A748-4508-9F5A-3A00CFB9A4A9}.Release|x64.ActiveCfg = Release|Any CPU
		{155FC6A0-A748-4508-9F5A-3A00CFB9A4A9}.Release|x64.Build.0 = Release|Any CPU
		{155FC6A0-A748-4508-9F5A-3A00CFB9A4A9}.Release|x86.ActiveCfg = Release|Any CPU
		{155FC6A0-A748-4508-9F5A-3A00CFB9A4A9}.Release|x86.Build.0 = Release|Any CPU
	EndGlobalSection
	GlobalSection(NestedProjects) = preSolution
		{824126C6-A849-405A-9DD4-44A94C03505E} = {FBDEBD3F-B0B7-4DFC-9352-5C1F3A1318F0}
		{B56028B8-D22D-47FF-85BC-E4A06AA92AB8} = {FBDEBD3F-B0B7-4DFC-9352-5C1F3A1318F0}
		{EB6DB06D-D1F7-4528-91D9-07660514790D} = {FBDEBD3F-B0B7-4DFC-9352-5C1F3A1318F0}
		{BA474459-68BA-4CCE-A3CD-F3BB12DCD206} = {FBDEBD3F-B0B7-4DFC-9352-5C1F3A1318F0}
		{EB01917E-9848-4276-97F3-6B5AC31107CC} = {FBDEBD3F-B0B7-4DFC-9352-5C1F3A1318F0}
		{8A88151D-11B9-4ED7-BE28-B4F9CB48EC7A} = {FBDEBD3F-B0B7-4DFC-9352-5C1F3A1318F0}
		{8568239A-7A1A-4D38-8910-9EEA0A364977} = {FBDEBD3F-B0B7-4DFC-9352-5C1F3A1318F0}
		{AB05D670-7C46-4D24-B536-A5CA485E7E86} = {FBDEBD3F-B0B7-4DFC-9352-5C1F3A1318F0}
		{72D6E81F-547D-4E91-B73E-561F9DBB9310} = {FBDEBD3F-B0B7-4DFC-9352-5C1F3A1318F0}
		{8B6C8337-4E44-4214-ADDD-E458C0BC9E19} = {FBDEBD3F-B0B7-4DFC-9352-5C1F3A1318F0}
		{77E1CACA-C388-448C-A4D0-C1BE75D86949} = {FBDEBD3F-B0B7-4DFC-9352-5C1F3A1318F0}
		{AB890504-78C1-471C-A11B-E980A0379029} = {FBDEBD3F-B0B7-4DFC-9352-5C1F3A1318F0}
		{155FC6A0-A748-4508-9F5A-3A00CFB9A4A9} = {D2630786-82C7-47C3-9DB0-7C36F418B722}
	EndGlobalSection
EndGlobal
