Microsoft Visual Studio Solution File, Format Version 12.00
# Visual Studio Version 16
VisualStudioVersion = 16.0.29926.136
MinimumVisualStudioVersion = 10.0.40219.1
Project("{9A19103F-16F7-4668-BE54-9A1E7A4F7556}") = "_Test.Core", "_Test.Core\_Test.Core.csproj", "{D535653F-C98C-4533-BB60-A8C3BA4B6300}"
EndProject
Project("{9A19103F-16F7-4668-BE54-9A1E7A4F7556}") = "Core", "Core\Core.csproj", "{23BF7128-4816-4686-9956-BC96A58574DC}"
EndProject
Project("{9A19103F-16F7-4668-BE54-9A1E7A4F7556}") = "Web", "Web\Web.csproj", "{F2523CE9-A476-4521-8305-B57FA5C37807}"
EndProject
Project("{9A19103F-16F7-4668-BE54-9A1E7A4F7556}") = "_Test.Web", "_Test.Web\_Test.Web.csproj", "{3B12281E-6455-43AC-87FB-C2510C0CDD91}"
EndProject
Project("{FAE04EC0-301F-11D3-BF4B-00C04F79EFBC}") = "Database", "Database\Database.csproj", "{26DA9365-6A46-4B69-AF65-84529265EEA8}"
EndProject
Project("{FAE04EC0-301F-11D3-BF4B-00C04F79EFBC}") = "_Test.Database", "_Test.Database\_Test.Database.csproj", "{4398206D-9905-4F00-94F2-6D43E3481A42}"
EndProject
Global
	GlobalSection(SolutionConfigurationPlatforms) = preSolution
		Debug|Any CPU = Debug|Any CPU
		Release|Any CPU = Release|Any CPU
	EndGlobalSection
	GlobalSection(ProjectConfigurationPlatforms) = postSolution
		{D535653F-C98C-4533-BB60-A8C3BA4B6300}.Debug|Any CPU.ActiveCfg = Debug|Any CPU
		{D535653F-C98C-4533-BB60-A8C3BA4B6300}.Debug|Any CPU.Build.0 = Debug|Any CPU
		{D535653F-C98C-4533-BB60-A8C3BA4B6300}.Release|Any CPU.ActiveCfg = Release|Any CPU
		{D535653F-C98C-4533-BB60-A8C3BA4B6300}.Release|Any CPU.Build.0 = Release|Any CPU
		{23BF7128-4816-4686-9956-BC96A58574DC}.Debug|Any CPU.ActiveCfg = Debug|Any CPU
		{23BF7128-4816-4686-9956-BC96A58574DC}.Debug|Any CPU.Build.0 = Debug|Any CPU
		{23BF7128-4816-4686-9956-BC96A58574DC}.Release|Any CPU.ActiveCfg = Release|Any CPU
		{23BF7128-4816-4686-9956-BC96A58574DC}.Release|Any CPU.Build.0 = Release|Any CPU
		{F2523CE9-A476-4521-8305-B57FA5C37807}.Debug|Any CPU.ActiveCfg = Debug|Any CPU
		{F2523CE9-A476-4521-8305-B57FA5C37807}.Debug|Any CPU.Build.0 = Debug|Any CPU
		{F2523CE9-A476-4521-8305-B57FA5C37807}.Release|Any CPU.ActiveCfg = Release|Any CPU
		{F2523CE9-A476-4521-8305-B57FA5C37807}.Release|Any CPU.Build.0 = Release|Any CPU
		{3B12281E-6455-43AC-87FB-C2510C0CDD91}.Debug|Any CPU.ActiveCfg = Debug|Any CPU
		{3B12281E-6455-43AC-87FB-C2510C0CDD91}.Debug|Any CPU.Build.0 = Debug|Any CPU
		{3B12281E-6455-43AC-87FB-C2510C0CDD91}.Release|Any CPU.ActiveCfg = Release|Any CPU
		{3B12281E-6455-43AC-87FB-C2510C0CDD91}.Release|Any CPU.Build.0 = Release|Any CPU
		{26DA9365-6A46-4B69-AF65-84529265EEA8}.Debug|Any CPU.ActiveCfg = Debug|Any CPU
		{26DA9365-6A46-4B69-AF65-84529265EEA8}.Debug|Any CPU.Build.0 = Debug|Any CPU
		{26DA9365-6A46-4B69-AF65-84529265EEA8}.Release|Any CPU.ActiveCfg = Release|Any CPU
		{26DA9365-6A46-4B69-AF65-84529265EEA8}.Release|Any CPU.Build.0 = Release|Any CPU
		{4398206D-9905-4F00-94F2-6D43E3481A42}.Debug|Any CPU.ActiveCfg = Debug|Any CPU
		{4398206D-9905-4F00-94F2-6D43E3481A42}.Debug|Any CPU.Build.0 = Debug|Any CPU
		{4398206D-9905-4F00-94F2-6D43E3481A42}.Release|Any CPU.ActiveCfg = Release|Any CPU
		{4398206D-9905-4F00-94F2-6D43E3481A42}.Release|Any CPU.Build.0 = Release|Any CPU
	EndGlobalSection
	GlobalSection(SolutionProperties) = preSolution
		HideSolutionNode = FALSE
	EndGlobalSection
	GlobalSection(ExtensibilityGlobals) = postSolution
		SolutionGuid = {365B4125-0B56-4087-9B4B-84C703B94A5E}
	EndGlobalSection
	GlobalSection(MonoDevelopProperties) = preSolution
		version = 0.2
		Policies = $0
		$0.VersionControlPolicy = $1
	EndGlobalSection
EndGlobal
