Microsoft Visual Studio Solution File, Format Version 12.00
# Visual Studio Version 16
VisualStudioVersion = 16.0.29926.136
MinimumVisualStudioVersion = 10.0.40219.1
Project("{FAE04EC0-301F-11D3-BF4B-00C04F79EFBC}") = "_UnitTest", "_UnitTest\_UnitTest.csproj", "{9B529FBA-16F3-45B4-9632-62EA9ECF83B2}"
EndProject
Project("{FAE04EC0-301F-11D3-BF4B-00C04F79EFBC}") = "DwFramework.Core", "Module\DwFramework.Core\DwFramework.Core.csproj", "{2CDE6525-4635-47CC-9C6A-806ED5252853}"
EndProject
Project("{FAE04EC0-301F-11D3-BF4B-00C04F79EFBC}") = "DwFramework.RabbitMQ", "Module\DwFramework.RabbitMQ\DwFramework.RabbitMQ.csproj", "{DE205C4B-9007-4B6F-B9FC-C85AABE37987}"
EndProject
Project("{FAE04EC0-301F-11D3-BF4B-00C04F79EFBC}") = "DwFramework.Socket", "Module\DwFramework.Socket\DwFramework.Socket.csproj", "{533B8781-CB5B-4E09-A77B-B83173AD4D16}"
EndProject
Project("{FAE04EC0-301F-11D3-BF4B-00C04F79EFBC}") = "DwFramework.WebSocket", "Module\DwFramework.WebSocket\DwFramework.WebSocket.csproj", "{F180F846-F597-4CAB-B824-AF39751D272B}"
EndProject
Project("{FAE04EC0-301F-11D3-BF4B-00C04F79EFBC}") = "DwFramework.TaskSchedule", "Module\DwFramework.TaskSchedule\DwFramework.TaskSchedule.csproj", "{E3615C74-3CC1-499E-97C4-ECB3C7F0C7BC}"
EndProject
Project("{FAE04EC0-301F-11D3-BF4B-00C04F79EFBC}") = "DwFramework.WebAPI", "Module\DwFramework.WebAPI\DwFramework.WebAPI.csproj", "{D6366887-279C-434C-83D0-C1F2BFA142BF}"
EndProject
Project("{FAE04EC0-301F-11D3-BF4B-00C04F79EFBC}") = "_AppTest", "_AppTest\_AppTest.csproj", "{43BF3B38-82B6-4D6A-BF07-CB0BCC5F94CA}"
EndProject
Project("{FAE04EC0-301F-11D3-BF4B-00C04F79EFBC}") = "DwFramework.ORM", "Module\DwFramework.ORM\DwFramework.ORM.csproj", "{7D7501F7-03E9-4218-B55E-2AD235AF828E}"
EndProject
Project("{FAE04EC0-301F-11D3-BF4B-00C04F79EFBC}") = "DwFramework.ORM.Plugins", "Plugins\DwFramework.ORM.Plugins\DwFramework.ORM.Plugins.csproj", "{03359E21-479C-4FB7-8AC0-C3E240284B0C}"
EndProject
Project("{FAE04EC0-301F-11D3-BF4B-00C04F79EFBC}") = "DwFramework.RPC", "Module\DwFramework.RPC\DwFramework.RPC.csproj", "{56C60C39-D4B1-4627-A575-34BA57B4E5DC}"
EndProject
Project("{FAE04EC0-301F-11D3-BF4B-00C04F79EFBC}") = "DwFramework.RPC.Plugins", "Plugins\DwFramework.RPC.Plugins\DwFramework.RPC.Plugins.csproj", "{8F564B0A-DED6-48C3-BD3B-FC0C28DFE3FB}"
EndProject
Project("{FAE04EC0-301F-11D3-BF4B-00C04F79EFBC}") = "DwFramework.WebAPI.Plugins", "Plugins\DwFramework.WebAPI.Plugins\DwFramework.WebAPI.Plugins.csproj", "{0408FAE2-435C-49A8-9649-1A3280AEE3E4}"
EndProject
Project("{FAE04EC0-301F-11D3-BF4B-00C04F79EFBC}") = "DwFramework.TensorFlow", "Module\DwFramework.TensorFlow\DwFramework.TensorFlow.csproj", "{5F1E2949-75B0-487E-A2E0-744D9CEDA5AB}"
EndProject
Global
	GlobalSection(SolutionConfigurationPlatforms) = preSolution
		Debug|Any CPU = Debug|Any CPU
		Release|Any CPU = Release|Any CPU
	EndGlobalSection
	GlobalSection(ProjectConfigurationPlatforms) = postSolution
		{9B529FBA-16F3-45B4-9632-62EA9ECF83B2}.Debug|Any CPU.ActiveCfg = Debug|Any CPU
		{9B529FBA-16F3-45B4-9632-62EA9ECF83B2}.Debug|Any CPU.Build.0 = Debug|Any CPU
		{9B529FBA-16F3-45B4-9632-62EA9ECF83B2}.Release|Any CPU.ActiveCfg = Release|Any CPU
		{9B529FBA-16F3-45B4-9632-62EA9ECF83B2}.Release|Any CPU.Build.0 = Release|Any CPU
		{2CDE6525-4635-47CC-9C6A-806ED5252853}.Debug|Any CPU.ActiveCfg = Debug|Any CPU
		{2CDE6525-4635-47CC-9C6A-806ED5252853}.Debug|Any CPU.Build.0 = Debug|Any CPU
		{2CDE6525-4635-47CC-9C6A-806ED5252853}.Release|Any CPU.ActiveCfg = Release|Any CPU
		{2CDE6525-4635-47CC-9C6A-806ED5252853}.Release|Any CPU.Build.0 = Release|Any CPU
		{DE205C4B-9007-4B6F-B9FC-C85AABE37987}.Debug|Any CPU.ActiveCfg = Debug|Any CPU
		{DE205C4B-9007-4B6F-B9FC-C85AABE37987}.Debug|Any CPU.Build.0 = Debug|Any CPU
		{DE205C4B-9007-4B6F-B9FC-C85AABE37987}.Release|Any CPU.ActiveCfg = Release|Any CPU
		{DE205C4B-9007-4B6F-B9FC-C85AABE37987}.Release|Any CPU.Build.0 = Release|Any CPU
		{533B8781-CB5B-4E09-A77B-B83173AD4D16}.Debug|Any CPU.ActiveCfg = Debug|Any CPU
		{533B8781-CB5B-4E09-A77B-B83173AD4D16}.Debug|Any CPU.Build.0 = Debug|Any CPU
		{533B8781-CB5B-4E09-A77B-B83173AD4D16}.Release|Any CPU.ActiveCfg = Release|Any CPU
		{533B8781-CB5B-4E09-A77B-B83173AD4D16}.Release|Any CPU.Build.0 = Release|Any CPU
		{F180F846-F597-4CAB-B824-AF39751D272B}.Debug|Any CPU.ActiveCfg = Debug|Any CPU
		{F180F846-F597-4CAB-B824-AF39751D272B}.Debug|Any CPU.Build.0 = Debug|Any CPU
		{F180F846-F597-4CAB-B824-AF39751D272B}.Release|Any CPU.ActiveCfg = Release|Any CPU
		{F180F846-F597-4CAB-B824-AF39751D272B}.Release|Any CPU.Build.0 = Release|Any CPU
		{E3615C74-3CC1-499E-97C4-ECB3C7F0C7BC}.Debug|Any CPU.ActiveCfg = Debug|Any CPU
		{E3615C74-3CC1-499E-97C4-ECB3C7F0C7BC}.Debug|Any CPU.Build.0 = Debug|Any CPU
		{E3615C74-3CC1-499E-97C4-ECB3C7F0C7BC}.Release|Any CPU.ActiveCfg = Release|Any CPU
		{E3615C74-3CC1-499E-97C4-ECB3C7F0C7BC}.Release|Any CPU.Build.0 = Release|Any CPU
		{D6366887-279C-434C-83D0-C1F2BFA142BF}.Debug|Any CPU.ActiveCfg = Debug|Any CPU
		{D6366887-279C-434C-83D0-C1F2BFA142BF}.Debug|Any CPU.Build.0 = Debug|Any CPU
		{D6366887-279C-434C-83D0-C1F2BFA142BF}.Release|Any CPU.ActiveCfg = Release|Any CPU
		{D6366887-279C-434C-83D0-C1F2BFA142BF}.Release|Any CPU.Build.0 = Release|Any CPU
		{43BF3B38-82B6-4D6A-BF07-CB0BCC5F94CA}.Debug|Any CPU.ActiveCfg = Debug|Any CPU
		{43BF3B38-82B6-4D6A-BF07-CB0BCC5F94CA}.Debug|Any CPU.Build.0 = Debug|Any CPU
		{43BF3B38-82B6-4D6A-BF07-CB0BCC5F94CA}.Release|Any CPU.ActiveCfg = Release|Any CPU
		{43BF3B38-82B6-4D6A-BF07-CB0BCC5F94CA}.Release|Any CPU.Build.0 = Release|Any CPU
		{7D7501F7-03E9-4218-B55E-2AD235AF828E}.Debug|Any CPU.ActiveCfg = Debug|Any CPU
		{7D7501F7-03E9-4218-B55E-2AD235AF828E}.Debug|Any CPU.Build.0 = Debug|Any CPU
		{7D7501F7-03E9-4218-B55E-2AD235AF828E}.Release|Any CPU.ActiveCfg = Release|Any CPU
		{7D7501F7-03E9-4218-B55E-2AD235AF828E}.Release|Any CPU.Build.0 = Release|Any CPU
		{03359E21-479C-4FB7-8AC0-C3E240284B0C}.Debug|Any CPU.ActiveCfg = Debug|Any CPU
		{03359E21-479C-4FB7-8AC0-C3E240284B0C}.Debug|Any CPU.Build.0 = Debug|Any CPU
		{03359E21-479C-4FB7-8AC0-C3E240284B0C}.Release|Any CPU.ActiveCfg = Release|Any CPU
		{03359E21-479C-4FB7-8AC0-C3E240284B0C}.Release|Any CPU.Build.0 = Release|Any CPU
		{56C60C39-D4B1-4627-A575-34BA57B4E5DC}.Debug|Any CPU.ActiveCfg = Debug|Any CPU
		{56C60C39-D4B1-4627-A575-34BA57B4E5DC}.Debug|Any CPU.Build.0 = Debug|Any CPU
		{56C60C39-D4B1-4627-A575-34BA57B4E5DC}.Release|Any CPU.ActiveCfg = Release|Any CPU
		{56C60C39-D4B1-4627-A575-34BA57B4E5DC}.Release|Any CPU.Build.0 = Release|Any CPU
		{8F564B0A-DED6-48C3-BD3B-FC0C28DFE3FB}.Debug|Any CPU.ActiveCfg = Debug|Any CPU
		{8F564B0A-DED6-48C3-BD3B-FC0C28DFE3FB}.Debug|Any CPU.Build.0 = Debug|Any CPU
		{8F564B0A-DED6-48C3-BD3B-FC0C28DFE3FB}.Release|Any CPU.ActiveCfg = Release|Any CPU
		{8F564B0A-DED6-48C3-BD3B-FC0C28DFE3FB}.Release|Any CPU.Build.0 = Release|Any CPU
		{0408FAE2-435C-49A8-9649-1A3280AEE3E4}.Debug|Any CPU.ActiveCfg = Debug|Any CPU
		{0408FAE2-435C-49A8-9649-1A3280AEE3E4}.Debug|Any CPU.Build.0 = Debug|Any CPU
		{0408FAE2-435C-49A8-9649-1A3280AEE3E4}.Release|Any CPU.ActiveCfg = Release|Any CPU
		{0408FAE2-435C-49A8-9649-1A3280AEE3E4}.Release|Any CPU.Build.0 = Release|Any CPU
		{7FDEE232-4A5E-4D9A-9AAA-437777DAF536}.Debug|Any CPU.ActiveCfg = Debug|Any CPU
		{7FDEE232-4A5E-4D9A-9AAA-437777DAF536}.Debug|Any CPU.Build.0 = Debug|Any CPU
		{7FDEE232-4A5E-4D9A-9AAA-437777DAF536}.Release|Any CPU.ActiveCfg = Release|Any CPU
		{7FDEE232-4A5E-4D9A-9AAA-437777DAF536}.Release|Any CPU.Build.0 = Release|Any CPU
		{5F1E2949-75B0-487E-A2E0-744D9CEDA5AB}.Debug|Any CPU.ActiveCfg = Debug|Any CPU
		{5F1E2949-75B0-487E-A2E0-744D9CEDA5AB}.Debug|Any CPU.Build.0 = Debug|Any CPU
		{5F1E2949-75B0-487E-A2E0-744D9CEDA5AB}.Release|Any CPU.ActiveCfg = Release|Any CPU
		{5F1E2949-75B0-487E-A2E0-744D9CEDA5AB}.Release|Any CPU.Build.0 = Release|Any CPU
	EndGlobalSection
	GlobalSection(SolutionProperties) = preSolution
		HideSolutionNode = FALSE
	EndGlobalSection
	GlobalSection(ExtensibilityGlobals) = postSolution
		SolutionGuid = {365B4125-0B56-4087-9B4B-84C703B94A5E}
	EndGlobalSection
	GlobalSection(MonoDevelopProperties) = preSolution
		version = 5
		Policies = $0
		$0.VersionControlPolicy = $1
		$0.DotNetNamingPolicy = $2
		$2.DirectoryNamespaceAssociation = PrefixedHierarchical
		$0.TextStylePolicy = $3
		$3.inheritsSet = null
		$3.scope = text/x-csharp
		$0.CSharpFormattingPolicy = $4
		$4.scope = text/x-csharp
		$0.StandardHeader = $5
	EndGlobalSection
EndGlobal
